
Microsoft Visual Studio Solution File, Format Version 12.00
# Visual Studio Version 16
VisualStudioVersion = 16.0.30907.101
MinimumVisualStudioVersion = 10.0.40219.1
Project("{9A19103F-16F7-4668-BE54-9A1E7A4F7556}") = "JustToDo", "JustToDo\JustToDo.csproj", "{7C740825-7779-4BF9-8536-CB9BCA0E12C9}"
EndProject
Project("{FAE04EC0-301F-11D3-BF4B-00C04F79EFBC}") = "JustToDo.Android", "JustToDo.Android\JustToDo.Android.csproj", "{F2B426C1-1304-4555-BDF4-92275055D837}"
EndProject
Project("{FAE04EC0-301F-11D3-BF4B-00C04F79EFBC}") = "JustToDo.iOS", "JustToDo.iOS\JustToDo.iOS.csproj", "{B7185F9F-8EA8-41CB-9A70-E8ADF6896AC5}"
EndProject
Global
	GlobalSection(SolutionConfigurationPlatforms) = preSolution
		Ad-Hoc|Any CPU = Ad-Hoc|Any CPU
		Ad-Hoc|iPhone = Ad-Hoc|iPhone
		Ad-Hoc|iPhoneSimulator = Ad-Hoc|iPhoneSimulator
		AppStore|Any CPU = AppStore|Any CPU
		AppStore|iPhone = AppStore|iPhone
		AppStore|iPhoneSimulator = AppStore|iPhoneSimulator
		Debug|Any CPU = Debug|Any CPU
		Debug|iPhone = Debug|iPhone
		Debug|iPhoneSimulator = Debug|iPhoneSimulator
		Release|Any CPU = Release|Any CPU
		Release|iPhone = Release|iPhone
		Release|iPhoneSimulator = Release|iPhoneSimulator
	EndGlobalSection
	GlobalSection(ProjectConfigurationPlatforms) = postSolution
		{7C740825-7779-4BF9-8536-CB9BCA0E12C9}.Ad-Hoc|Any CPU.ActiveCfg = Release|Any CPU
		{7C740825-7779-4BF9-8536-CB9BCA0E12C9}.Ad-Hoc|Any CPU.Build.0 = Release|Any CPU
		{7C740825-7779-4BF9-8536-CB9BCA0E12C9}.Ad-Hoc|iPhone.ActiveCfg = Debug|Any CPU
		{7C740825-7779-4BF9-8536-CB9BCA0E12C9}.Ad-Hoc|iPhone.Build.0 = Debug|Any CPU
		{7C740825-7779-4BF9-8536-CB9BCA0E12C9}.Ad-Hoc|iPhoneSimulator.ActiveCfg = Release|Any CPU
		{7C740825-7779-4BF9-8536-CB9BCA0E12C9}.Ad-Hoc|iPhoneSimulator.Build.0 = Release|Any CPU
		{7C740825-7779-4BF9-8536-CB9BCA0E12C9}.AppStore|Any CPU.ActiveCfg = Release|Any CPU
		{7C740825-7779-4BF9-8536-CB9BCA0E12C9}.AppStore|Any CPU.Build.0 = Release|Any CPU
		{7C740825-7779-4BF9-8536-CB9BCA0E12C9}.AppStore|iPhone.ActiveCfg = Debug|Any CPU
		{7C740825-7779-4BF9-8536-CB9BCA0E12C9}.AppStore|iPhone.Build.0 = Debug|Any CPU
		{7C740825-7779-4BF9-8536-CB9BCA0E12C9}.AppStore|iPhoneSimulator.ActiveCfg = Release|Any CPU
		{7C740825-7779-4BF9-8536-CB9BCA0E12C9}.AppStore|iPhoneSimulator.Build.0 = Release|Any CPU
		{7C740825-7779-4BF9-8536-CB9BCA0E12C9}.Debug|Any CPU.ActiveCfg = Debug|Any CPU
		{7C740825-7779-4BF9-8536-CB9BCA0E12C9}.Debug|Any CPU.Build.0 = Debug|Any CPU
		{7C740825-7779-4BF9-8536-CB9BCA0E12C9}.Debug|iPhone.ActiveCfg = Debug|Any CPU
		{7C740825-7779-4BF9-8536-CB9BCA0E12C9}.Debug|iPhone.Build.0 = Debug|Any CPU
		{7C740825-7779-4BF9-8536-CB9BCA0E12C9}.Debug|iPhoneSimulator.ActiveCfg = Debug|Any CPU
		{7C740825-7779-4BF9-8536-CB9BCA0E12C9}.Debug|iPhoneSimulator.Build.0 = Debug|Any CPU
		{7C740825-7779-4BF9-8536-CB9BCA0E12C9}.Release|Any CPU.ActiveCfg = Release|Any CPU
		{7C740825-7779-4BF9-8536-CB9BCA0E12C9}.Release|Any CPU.Build.0 = Release|Any CPU
		{7C740825-7779-4BF9-8536-CB9BCA0E12C9}.Release|iPhone.ActiveCfg = Release|Any CPU
		{7C740825-7779-4BF9-8536-CB9BCA0E12C9}.Release|iPhone.Build.0 = Release|Any CPU
		{7C740825-7779-4BF9-8536-CB9BCA0E12C9}.Release|iPhoneSimulator.ActiveCfg = Release|Any CPU
		{7C740825-7779-4BF9-8536-CB9BCA0E12C9}.Release|iPhoneSimulator.Build.0 = Release|Any CPU
		{F2B426C1-1304-4555-BDF4-92275055D837}.Ad-Hoc|Any CPU.ActiveCfg = Release|Any CPU
		{F2B426C1-1304-4555-BDF4-92275055D837}.Ad-Hoc|Any CPU.Build.0 = Release|Any CPU
		{F2B426C1-1304-4555-BDF4-92275055D837}.Ad-Hoc|Any CPU.Deploy.0 = Release|Any CPU
		{F2B426C1-1304-4555-BDF4-92275055D837}.Ad-Hoc|iPhone.ActiveCfg = Debug|Any CPU
		{F2B426C1-1304-4555-BDF4-92275055D837}.Ad-Hoc|iPhone.Build.0 = Debug|Any CPU
		{F2B426C1-1304-4555-BDF4-92275055D837}.Ad-Hoc|iPhone.Deploy.0 = Debug|Any CPU
		{F2B426C1-1304-4555-BDF4-92275055D837}.Ad-Hoc|iPhoneSimulator.ActiveCfg = Release|Any CPU
		{F2B426C1-1304-4555-BDF4-92275055D837}.Ad-Hoc|iPhoneSimulator.Build.0 = Release|Any CPU
		{F2B426C1-1304-4555-BDF4-92275055D837}.Ad-Hoc|iPhoneSimulator.Deploy.0 = Release|Any CPU
		{F2B426C1-1304-4555-BDF4-92275055D837}.AppStore|Any CPU.ActiveCfg = Release|Any CPU
		{F2B426C1-1304-4555-BDF4-92275055D837}.AppStore|Any CPU.Build.0 = Release|Any CPU
		{F2B426C1-1304-4555-BDF4-92275055D837}.AppStore|Any CPU.Deploy.0 = Release|Any CPU
		{F2B426C1-1304-4555-BDF4-92275055D837}.AppStore|iPhone.ActiveCfg = Debug|Any CPU
		{F2B426C1-1304-4555-BDF4-92275055D837}.AppStore|iPhone.Build.0 = Debug|Any CPU
		{F2B426C1-1304-4555-BDF4-92275055D837}.AppStore|iPhone.Deploy.0 = Debug|Any CPU
		{F2B426C1-1304-4555-BDF4-92275055D837}.AppStore|iPhoneSimulator.ActiveCfg = Release|Any CPU
		{F2B426C1-1304-4555-BDF4-92275055D837}.AppStore|iPhoneSimulator.Build.0 = Release|Any CPU
		{F2B426C1-1304-4555-BDF4-92275055D837}.AppStore|iPhoneSimulator.Deploy.0 = Release|Any CPU
		{F2B426C1-1304-4555-BDF4-92275055D837}.Debug|Any CPU.ActiveCfg = Debug|Any CPU
		{F2B426C1-1304-4555-BDF4-92275055D837}.Debug|Any CPU.Build.0 = Debug|Any CPU
		{F2B426C1-1304-4555-BDF4-92275055D837}.Debug|Any CPU.Deploy.0 = Debug|Any CPU
		{F2B426C1-1304-4555-BDF4-92275055D837}.Debug|iPhone.ActiveCfg = Debug|Any CPU
		{F2B426C1-1304-4555-BDF4-92275055D837}.Debug|iPhone.Build.0 = Debug|Any CPU
		{F2B426C1-1304-4555-BDF4-92275055D837}.Debug|iPhone.Deploy.0 = Debug|Any CPU
		{F2B426C1-1304-4555-BDF4-92275055D837}.Debug|iPhoneSimulator.ActiveCfg = Debug|Any CPU
		{F2B426C1-1304-4555-BDF4-92275055D837}.Debug|iPhoneSimulator.Build.0 = Debug|Any CPU
		{F2B426C1-1304-4555-BDF4-92275055D837}.Debug|iPhoneSimulator.Deploy.0 = Debug|Any CPU
		{F2B426C1-1304-4555-BDF4-92275055D837}.Release|Any CPU.ActiveCfg = Release|Any CPU
		{F2B426C1-1304-4555-BDF4-92275055D837}.Release|Any CPU.Build.0 = Release|Any CPU
		{F2B426C1-1304-4555-BDF4-92275055D837}.Release|Any CPU.Deploy.0 = Release|Any CPU
		{F2B426C1-1304-4555-BDF4-92275055D837}.Release|iPhone.ActiveCfg = Release|Any CPU
		{F2B426C1-1304-4555-BDF4-92275055D837}.Release|iPhone.Build.0 = Release|Any CPU
		{F2B426C1-1304-4555-BDF4-92275055D837}.Release|iPhone.Deploy.0 = Release|Any CPU
		{F2B426C1-1304-4555-BDF4-92275055D837}.Release|iPhoneSimulator.ActiveCfg = Release|Any CPU
		{F2B426C1-1304-4555-BDF4-92275055D837}.Release|iPhoneSimulator.Build.0 = Release|Any CPU
		{F2B426C1-1304-4555-BDF4-92275055D837}.Release|iPhoneSimulator.Deploy.0 = Release|Any CPU
		{B7185F9F-8EA8-41CB-9A70-E8ADF6896AC5}.Ad-Hoc|Any CPU.ActiveCfg = Ad-Hoc|iPhoneSimulator
		{B7185F9F-8EA8-41CB-9A70-E8ADF6896AC5}.Ad-Hoc|iPhone.ActiveCfg = Ad-Hoc|iPhone
		{B7185F9F-8EA8-41CB-9A70-E8ADF6896AC5}.Ad-Hoc|iPhone.Build.0 = Ad-Hoc|iPhone
		{B7185F9F-8EA8-41CB-9A70-E8ADF6896AC5}.Ad-Hoc|iPhone.Deploy.0 = Ad-Hoc|iPhone
		{B7185F9F-8EA8-41CB-9A70-E8ADF6896AC5}.Ad-Hoc|iPhoneSimulator.ActiveCfg = Ad-Hoc|iPhoneSimulator
		{B7185F9F-8EA8-41CB-9A70-E8ADF6896AC5}.Ad-Hoc|iPhoneSimulator.Build.0 = Ad-Hoc|iPhoneSimulator
		{B7185F9F-8EA8-41CB-9A70-E8ADF6896AC5}.AppStore|Any CPU.ActiveCfg = AppStore|iPhoneSimulator
		{B7185F9F-8EA8-41CB-9A70-E8ADF6896AC5}.AppStore|iPhone.ActiveCfg = AppStore|iPhone
		{B7185F9F-8EA8-41CB-9A70-E8ADF6896AC5}.AppStore|iPhone.Build.0 = AppStore|iPhone
		{B7185F9F-8EA8-41CB-9A70-E8ADF6896AC5}.AppStore|iPhone.Deploy.0 = AppStore|iPhone
		{B7185F9F-8EA8-41CB-9A70-E8ADF6896AC5}.AppStore|iPhoneSimulator.ActiveCfg = AppStore|iPhoneSimulator
		{B7185F9F-8EA8-41CB-9A70-E8ADF6896AC5}.AppStore|iPhoneSimulator.Build.0 = AppStore|iPhoneSimulator
		{B7185F9F-8EA8-41CB-9A70-E8ADF6896AC5}.Debug|Any CPU.ActiveCfg = Debug|iPhoneSimulator
		{B7185F9F-8EA8-41CB-9A70-E8ADF6896AC5}.Debug|Any CPU.Build.0 = Debug|iPhoneSimulator
		{B7185F9F-8EA8-41CB-9A70-E8ADF6896AC5}.Debug|Any CPU.Deploy.0 = Debug|iPhoneSimulator
		{B7185F9F-8EA8-41CB-9A70-E8ADF6896AC5}.Debug|iPhone.ActiveCfg = Debug|iPhone
		{B7185F9F-8EA8-41CB-9A70-E8ADF6896AC5}.Debug|iPhone.Build.0 = Debug|iPhone
		{B7185F9F-8EA8-41CB-9A70-E8ADF6896AC5}.Debug|iPhone.Deploy.0 = Debug|iPhone
		{B7185F9F-8EA8-41CB-9A70-E8ADF6896AC5}.Debug|iPhoneSimulator.ActiveCfg = Debug|iPhoneSimulator
		{B7185F9F-8EA8-41CB-9A70-E8ADF6896AC5}.Debug|iPhoneSimulator.Build.0 = Debug|iPhoneSimulator
		{B7185F9F-8EA8-41CB-9A70-E8ADF6896AC5}.Debug|iPhoneSimulator.Deploy.0 = Debug|iPhoneSimulator
		{B7185F9F-8EA8-41CB-9A70-E8ADF6896AC5}.Release|Any CPU.ActiveCfg = Release|iPhoneSimulator
		{B7185F9F-8EA8-41CB-9A70-E8ADF6896AC5}.Release|Any CPU.Build.0 = Release|iPhoneSimulator
		{B7185F9F-8EA8-41CB-9A70-E8ADF6896AC5}.Release|Any CPU.Deploy.0 = Release|iPhoneSimulator
		{B7185F9F-8EA8-41CB-9A70-E8ADF6896AC5}.Release|iPhone.ActiveCfg = Release|iPhone
		{B7185F9F-8EA8-41CB-9A70-E8ADF6896AC5}.Release|iPhone.Build.0 = Release|iPhone
		{B7185F9F-8EA8-41CB-9A70-E8ADF6896AC5}.Release|iPhone.Deploy.0 = Release|iPhone
		{B7185F9F-8EA8-41CB-9A70-E8ADF6896AC5}.Release|iPhoneSimulator.ActiveCfg = Release|iPhoneSimulator
		{B7185F9F-8EA8-41CB-9A70-E8ADF6896AC5}.Release|iPhoneSimulator.Build.0 = Release|iPhoneSimulator
		{B7185F9F-8EA8-41CB-9A70-E8ADF6896AC5}.Release|iPhoneSimulator.Deploy.0 = Release|iPhoneSimulator
	EndGlobalSection
	GlobalSection(SolutionProperties) = preSolution
		HideSolutionNode = FALSE
	EndGlobalSection
	GlobalSection(ExtensibilityGlobals) = postSolution
		SolutionGuid = {4CA76245-6491-44A4-92E7-0BE208EE2728}
	EndGlobalSection
EndGlobal
