
Microsoft Visual Studio Solution File, Format Version 12.00
# Visual Studio Version 16
VisualStudioVersion = 16.0.30621.155
MinimumVisualStudioVersion = 10.0.40219.1
Project("{9A19103F-16F7-4668-BE54-9A1E7A4F7556}") = "just-do", "vigilant-guacamole\just-do.csproj", "{31962CB9-3BED-482F-8E3E-8E16C8C2EE24}"
EndProject
Global
	GlobalSection(SolutionConfigurationPlatforms) = preSolution
		Debug|Any CPU = Debug|Any CPU
		Release|Any CPU = Release|Any CPU
	EndGlobalSection
	GlobalSection(ProjectConfigurationPlatforms) = postSolution
		{31962CB9-3BED-482F-8E3E-8E16C8C2EE24}.Debug|Any CPU.ActiveCfg = Debug|Any CPU
		{31962CB9-3BED-482F-8E3E-8E16C8C2EE24}.Debug|Any CPU.Build.0 = Debug|Any CPU
		{31962CB9-3BED-482F-8E3E-8E16C8C2EE24}.Release|Any CPU.ActiveCfg = Release|Any CPU
		{31962CB9-3BED-482F-8E3E-8E16C8C2EE24}.Release|Any CPU.Build.0 = Release|Any CPU
	EndGlobalSection
	GlobalSection(SolutionProperties) = preSolution
		HideSolutionNode = FALSE
	EndGlobalSection
	GlobalSection(ExtensibilityGlobals) = postSolution
		SolutionGuid = {FE57DD17-1DAA-4DB5-89A2-5A7FE7E33D8F}
	EndGlobalSection
EndGlobal
